
Microsoft Visual Studio Solution File, Format Version 12.00
# Visual Studio 2013
VisualStudioVersion = 12.0.21005.1
MinimumVisualStudioVersion = 10.0.40219.1
Project("{8D9C8A9D-5DED-4B64-BF65-B598BA549D93}") = "RiskManagerApp", "RiskManagerApp\RiskManagerApp.lsxproj", "{0E698DC1-B7BF-452B-8398-27F211385A15}"
EndProject
Project("{FAE04EC0-301F-11D3-BF4B-00C04F79EFBC}") = "RiskManagerApp.Server", "RiskManagerApp\RiskManagerApp.Server\RiskManagerApp.Server.csproj", "{B73E552D-E452-48E7-ABDB-2E1320127259}"
EndProject
Project("{262852C6-CD72-467D-83FE-5EEB1973A190}") = "RiskManagerApp.HTMLClient", "RiskManagerApp\RiskManagerApp.HTMLClient\RiskManagerApp.HTMLClient.jsproj", "{D6985AC5-B431-4E46-BE00-2ACB126E5496}"
EndProject
Project("{FAE04EC0-301F-11D3-BF4B-00C04F79EFBC}") = "RiskManagerApp.DesktopClient", "RiskManagerApp\RiskManagerApp.DesktopClient\RiskManagerApp.DesktopClient.csproj", "{F4189FA9-C62B-4B63-BBCA-7C48AFAE813D}"
EndProject
Global
	GlobalSection(SolutionConfigurationPlatforms) = preSolution
		Debug|Any CPU = Debug|Any CPU
		Release|Any CPU = Release|Any CPU
	EndGlobalSection
	GlobalSection(ProjectConfigurationPlatforms) = postSolution
		{0E698DC1-B7BF-452B-8398-27F211385A15}.Debug|Any CPU.ActiveCfg = Debug|Any CPU
		{0E698DC1-B7BF-452B-8398-27F211385A15}.Debug|Any CPU.Build.0 = Debug|Any CPU
		{0E698DC1-B7BF-452B-8398-27F211385A15}.Release|Any CPU.ActiveCfg = Release|Any CPU
		{0E698DC1-B7BF-452B-8398-27F211385A15}.Release|Any CPU.Build.0 = Release|Any CPU
		{B73E552D-E452-48E7-ABDB-2E1320127259}.Debug|Any CPU.ActiveCfg = Debug|Any CPU
		{B73E552D-E452-48E7-ABDB-2E1320127259}.Debug|Any CPU.Build.0 = Debug|Any CPU
		{B73E552D-E452-48E7-ABDB-2E1320127259}.Release|Any CPU.ActiveCfg = Release|Any CPU
		{B73E552D-E452-48E7-ABDB-2E1320127259}.Release|Any CPU.Build.0 = Release|Any CPU
		{D6985AC5-B431-4E46-BE00-2ACB126E5496}.Debug|Any CPU.ActiveCfg = Debug|Any CPU
		{D6985AC5-B431-4E46-BE00-2ACB126E5496}.Debug|Any CPU.Build.0 = Debug|Any CPU
		{D6985AC5-B431-4E46-BE00-2ACB126E5496}.Release|Any CPU.ActiveCfg = Release|Any CPU
		{D6985AC5-B431-4E46-BE00-2ACB126E5496}.Release|Any CPU.Build.0 = Release|Any CPU
		{F4189FA9-C62B-4B63-BBCA-7C48AFAE813D}.Debug|Any CPU.ActiveCfg = Debug|Any CPU
		{F4189FA9-C62B-4B63-BBCA-7C48AFAE813D}.Debug|Any CPU.Build.0 = Debug|Any CPU
		{F4189FA9-C62B-4B63-BBCA-7C48AFAE813D}.Release|Any CPU.ActiveCfg = Release|Any CPU
		{F4189FA9-C62B-4B63-BBCA-7C48AFAE813D}.Release|Any CPU.Build.0 = Release|Any CPU
	EndGlobalSection
	GlobalSection(SolutionProperties) = preSolution
		HideSolutionNode = FALSE
	EndGlobalSection
EndGlobal
